
Microsoft Visual Studio Solution File, Format Version 12.00
# Visual Studio Version 16
VisualStudioVersion = 16.0.31729.503
MinimumVisualStudioVersion = 10.0.40219.1
Project("{FAE04EC0-301F-11D3-BF4B-00C04F79EFBC}") = "PrelloStarter", "PrelloStarter.csproj", "{2600CA79-C457-4EF5-A8F8-78F3E8DD4F27}"
EndProject
Global
	GlobalSection(SolutionConfigurationPlatforms) = preSolution
		Debug|Any CPU = Debug|Any CPU
		Release|Any CPU = Release|Any CPU
	EndGlobalSection
	GlobalSection(ProjectConfigurationPlatforms) = postSolution
		{2600CA79-C457-4EF5-A8F8-78F3E8DD4F27}.Debug|Any CPU.ActiveCfg = Debug|Any CPU
		{2600CA79-C457-4EF5-A8F8-78F3E8DD4F27}.Debug|Any CPU.Build.0 = Debug|Any CPU
		{2600CA79-C457-4EF5-A8F8-78F3E8DD4F27}.Release|Any CPU.ActiveCfg = Release|Any CPU
		{2600CA79-C457-4EF5-A8F8-78F3E8DD4F27}.Release|Any CPU.Build.0 = Release|Any CPU
	EndGlobalSection
	GlobalSection(SolutionProperties) = preSolution
		HideSolutionNode = FALSE
	EndGlobalSection
	GlobalSection(ExtensibilityGlobals) = postSolution
		SolutionGuid = {E87BF40A-BBE5-40C4-BEAD-5F0CE62918C7}
	EndGlobalSection
EndGlobal
